
Microsoft Visual Studio Solution File, Format Version 12.00
# Visual Studio 2013
VisualStudioVersion = 12.0.30501.0
MinimumVisualStudioVersion = 10.0.40219.1
Project("{FAE04EC0-301F-11D3-BF4B-00C04F79EFBC}") = "Win_Tangh_Chrome", "Win_Tangh_Chrome\Win_Tangh_Chrome.csproj", "{010FFE47-FCCC-4F1D-AADC-099760883245}"
EndProject
Project("{FAE04EC0-301F-11D3-BF4B-00C04F79EFBC}") = "Tangh_Chrome", "Tangh_Chrome\Tangh_Chrome.csproj", "{F197E98B-8854-447A-9C1D-B082D8D51053}"
EndProject
Project("{FAE04EC0-301F-11D3-BF4B-00C04F79EFBC}") = "WinMulitBrowser", "WinMulitBrowser\WinMulitBrowser.csproj", "{3F9F4C7A-3E0C-4D6E-933C-F482AE28C781}"
EndProject
Project("{FAE04EC0-301F-11D3-BF4B-00C04F79EFBC}") = "WinChrome_HttpWatch", "WinChrome_HttpWatch\WinChrome_HttpWatch.csproj", "{4B0E35D2-F1D8-4CAF-8DCA-018C37BE5EB2}"
EndProject
Global
	GlobalSection(SolutionConfigurationPlatforms) = preSolution
		Debug|Any CPU = Debug|Any CPU
		Debug|Mixed Platforms = Debug|Mixed Platforms
		Debug|x86 = Debug|x86
		Release|Any CPU = Release|Any CPU
		Release|Mixed Platforms = Release|Mixed Platforms
		Release|x86 = Release|x86
	EndGlobalSection
	GlobalSection(ProjectConfigurationPlatforms) = postSolution
		{010FFE47-FCCC-4F1D-AADC-099760883245}.Debug|Any CPU.ActiveCfg = Debug|Any CPU
		{010FFE47-FCCC-4F1D-AADC-099760883245}.Debug|Any CPU.Build.0 = Debug|Any CPU
		{010FFE47-FCCC-4F1D-AADC-099760883245}.Debug|Mixed Platforms.ActiveCfg = Debug|x86
		{010FFE47-FCCC-4F1D-AADC-099760883245}.Debug|Mixed Platforms.Build.0 = Debug|x86
		{010FFE47-FCCC-4F1D-AADC-099760883245}.Debug|x86.ActiveCfg = Debug|x86
		{010FFE47-FCCC-4F1D-AADC-099760883245}.Debug|x86.Build.0 = Debug|x86
		{010FFE47-FCCC-4F1D-AADC-099760883245}.Release|Any CPU.ActiveCfg = Release|Any CPU
		{010FFE47-FCCC-4F1D-AADC-099760883245}.Release|Any CPU.Build.0 = Release|Any CPU
		{010FFE47-FCCC-4F1D-AADC-099760883245}.Release|Mixed Platforms.ActiveCfg = Release|x86
		{010FFE47-FCCC-4F1D-AADC-099760883245}.Release|Mixed Platforms.Build.0 = Release|x86
		{010FFE47-FCCC-4F1D-AADC-099760883245}.Release|x86.ActiveCfg = Release|x86
		{010FFE47-FCCC-4F1D-AADC-099760883245}.Release|x86.Build.0 = Release|x86
		{F197E98B-8854-447A-9C1D-B082D8D51053}.Debug|Any CPU.ActiveCfg = Debug|Any CPU
		{F197E98B-8854-447A-9C1D-B082D8D51053}.Debug|Any CPU.Build.0 = Debug|Any CPU
		{F197E98B-8854-447A-9C1D-B082D8D51053}.Debug|Mixed Platforms.ActiveCfg = Debug|Any CPU
		{F197E98B-8854-447A-9C1D-B082D8D51053}.Debug|Mixed Platforms.Build.0 = Debug|Any CPU
		{F197E98B-8854-447A-9C1D-B082D8D51053}.Debug|x86.ActiveCfg = Debug|x86
		{F197E98B-8854-447A-9C1D-B082D8D51053}.Release|Any CPU.ActiveCfg = Release|Any CPU
		{F197E98B-8854-447A-9C1D-B082D8D51053}.Release|Any CPU.Build.0 = Release|Any CPU
		{F197E98B-8854-447A-9C1D-B082D8D51053}.Release|Mixed Platforms.ActiveCfg = Release|Any CPU
		{F197E98B-8854-447A-9C1D-B082D8D51053}.Release|Mixed Platforms.Build.0 = Release|Any CPU
		{F197E98B-8854-447A-9C1D-B082D8D51053}.Release|x86.ActiveCfg = Release|Any CPU
		{3F9F4C7A-3E0C-4D6E-933C-F482AE28C781}.Debug|Any CPU.ActiveCfg = Debug|Any CPU
		{3F9F4C7A-3E0C-4D6E-933C-F482AE28C781}.Debug|Any CPU.Build.0 = Debug|Any CPU
		{3F9F4C7A-3E0C-4D6E-933C-F482AE28C781}.Debug|Mixed Platforms.ActiveCfg = Debug|Any CPU
		{3F9F4C7A-3E0C-4D6E-933C-F482AE28C781}.Debug|Mixed Platforms.Build.0 = Debug|Any CPU
		{3F9F4C7A-3E0C-4D6E-933C-F482AE28C781}.Debug|x86.ActiveCfg = Debug|Any CPU
		{3F9F4C7A-3E0C-4D6E-933C-F482AE28C781}.Release|Any CPU.ActiveCfg = Release|Any CPU
		{3F9F4C7A-3E0C-4D6E-933C-F482AE28C781}.Release|Any CPU.Build.0 = Release|Any CPU
		{3F9F4C7A-3E0C-4D6E-933C-F482AE28C781}.Release|Mixed Platforms.ActiveCfg = Release|Any CPU
		{3F9F4C7A-3E0C-4D6E-933C-F482AE28C781}.Release|Mixed Platforms.Build.0 = Release|Any CPU
		{3F9F4C7A-3E0C-4D6E-933C-F482AE28C781}.Release|x86.ActiveCfg = Release|Any CPU
		{4B0E35D2-F1D8-4CAF-8DCA-018C37BE5EB2}.Debug|Any CPU.ActiveCfg = Debug|Any CPU
		{4B0E35D2-F1D8-4CAF-8DCA-018C37BE5EB2}.Debug|Any CPU.Build.0 = Debug|Any CPU
		{4B0E35D2-F1D8-4CAF-8DCA-018C37BE5EB2}.Debug|Mixed Platforms.ActiveCfg = Debug|Any CPU
		{4B0E35D2-F1D8-4CAF-8DCA-018C37BE5EB2}.Debug|Mixed Platforms.Build.0 = Debug|Any CPU
		{4B0E35D2-F1D8-4CAF-8DCA-018C37BE5EB2}.Debug|x86.ActiveCfg = Debug|x86
		{4B0E35D2-F1D8-4CAF-8DCA-018C37BE5EB2}.Release|Any CPU.ActiveCfg = Release|Any CPU
		{4B0E35D2-F1D8-4CAF-8DCA-018C37BE5EB2}.Release|Any CPU.Build.0 = Release|Any CPU
		{4B0E35D2-F1D8-4CAF-8DCA-018C37BE5EB2}.Release|Mixed Platforms.ActiveCfg = Release|Any CPU
		{4B0E35D2-F1D8-4CAF-8DCA-018C37BE5EB2}.Release|Mixed Platforms.Build.0 = Release|Any CPU
		{4B0E35D2-F1D8-4CAF-8DCA-018C37BE5EB2}.Release|x86.ActiveCfg = Release|Any CPU
	EndGlobalSection
	GlobalSection(SolutionProperties) = preSolution
		HideSolutionNode = FALSE
	EndGlobalSection
EndGlobal
